
Microsoft Visual Studio Solution File, Format Version 12.00
# Visual Studio 2012
Project("{FAE04EC0-301F-11D3-BF4B-00C04F79EFBC}") = "BowlingGameClassic", "BowlingGameClassic\BowlingGameClassic.csproj", "{6CD85EB1-71E2-4D8F-B125-FB5CB101A701}"
EndProject
Global
	GlobalSection(SolutionConfigurationPlatforms) = preSolution
		Debug|Any CPU = Debug|Any CPU
		Release|Any CPU = Release|Any CPU
	EndGlobalSection
	GlobalSection(ProjectConfigurationPlatforms) = postSolution
		{6CD85EB1-71E2-4D8F-B125-FB5CB101A701}.Debug|Any CPU.ActiveCfg = Debug|Any CPU
		{6CD85EB1-71E2-4D8F-B125-FB5CB101A701}.Debug|Any CPU.Build.0 = Debug|Any CPU
		{6CD85EB1-71E2-4D8F-B125-FB5CB101A701}.Release|Any CPU.ActiveCfg = Release|Any CPU
		{6CD85EB1-71E2-4D8F-B125-FB5CB101A701}.Release|Any CPU.Build.0 = Release|Any CPU
	EndGlobalSection
EndGlobal
